{
  "requires": true,
  "lockfileVersion": 1,
  "dependencies": {
    "compress.js": {
      "version": "1.2.2",
      "resolved": "https://registry.npmjs.org/compress.js/-/compress.js-1.2.2.tgz",
      "integrity": "sha512-eIsMmzyBtPVDdPtpmPXTRB6uiLjgTXygYl0KCVVp0I/U/++YzZtEkhVTuWH97dzTxKvzAcZMFwYUHGC09BSUqg==",
      "requires": {
        "regenerator-runtime": "^0.13.9"
      }
    },
    "regenerator-runtime": {
      "version": "0.13.9",
      "resolved": "https://registry.npmjs.org/regenerator-runtime/-/regenerator-runtime-0.13.9.tgz",
      "integrity": "sha512-p3VT+cOEgxFsRRA9X4lkI1E+k2/CtnKtU4gcxyaCUreilL/vqI6CdZ3wxVUx3UOUg+gnUOQQcRI7BmSI656MYA=="
    },
    "requirejs": {
      "version": "2.3.6",
      "resolved": "https://registry.npmjs.org/requirejs/-/requirejs-2.3.6.tgz",
      "integrity": "sha512-ipEzlWQe6RK3jkzikgCupiTbTvm4S0/CAU5GlgptkN5SO6F3u0UD0K18wy6ErDqiCyP4J4YYe1HuAShvsxePLg=="
    }
  }
}
